
Microsoft Visual Studio Solution File, Format Version 12.00
# Visual Studio Version 17
VisualStudioVersion = 17.13.35825.156 d17.13
MinimumVisualStudioVersion = 10.0.40219.1
Project("{FAE04EC0-301F-11D3-BF4B-00C04F79EFBC}") = "TripleProject", "TripleProject\TripleProject.csproj", "{84721BD7-DA0A-4B8E-8AA2-DA0E11878DEB}"
EndProject
Global
	GlobalSection(SolutionConfigurationPlatforms) = preSolution
		Debug|Any CPU = Debug|Any CPU
		Release|Any CPU = Release|Any CPU
	EndGlobalSection
	GlobalSection(ProjectConfigurationPlatforms) = postSolution
		{84721BD7-DA0A-4B8E-8AA2-DA0E11878DEB}.Debug|Any CPU.ActiveCfg = Debug|Any CPU
		{84721BD7-DA0A-4B8E-8AA2-DA0E11878DEB}.Debug|Any CPU.Build.0 = Debug|Any CPU
		{84721BD7-DA0A-4B8E-8AA2-DA0E11878DEB}.Release|Any CPU.ActiveCfg = Release|Any CPU
		{84721BD7-DA0A-4B8E-8AA2-DA0E11878DEB}.Release|Any CPU.Build.0 = Release|Any CPU
	EndGlobalSection
	GlobalSection(SolutionProperties) = preSolution
		HideSolutionNode = FALSE
	EndGlobalSection
	GlobalSection(ExtensibilityGlobals) = postSolution
		SolutionGuid = {B442915B-95C1-410C-8BEC-5E76EE0B33FB}
	EndGlobalSection
EndGlobal
