
Microsoft Visual Studio Solution File, Format Version 12.00
# Visual Studio Version 17
VisualStudioVersion = 17.13.35825.156
MinimumVisualStudioVersion = 10.0.40219.1
Project("{FAE04EC0-301F-11D3-BF4B-00C04F79EFBC}") = "TripleProject", "TripleProject\TripleProject.csproj", "{84721BD7-DA0A-4B8E-8AA2-DA0E11878DEB}"
EndProject
Project("{FAE04EC0-301F-11D3-BF4B-00C04F79EFBC}") = "DataAccessLayer", "DataAccessLayer\DataAccessLayer.csproj", "{F5ED980D-9FCF-466B-B907-A6D451F6893B}"
EndProject
Project("{FAE04EC0-301F-11D3-BF4B-00C04F79EFBC}") = "Services", "Services\Services.csproj", "{458FF9BC-CB0C-48A9-AFBE-EDC4588FB5E7}"
EndProject
Project("{FAE04EC0-301F-11D3-BF4B-00C04F79EFBC}") = "Commons", "Commons\Commons.csproj", "{BF0B04F8-616C-4031-B059-FF0E3DF05426}"
EndProject
Project("{FAE04EC0-301F-11D3-BF4B-00C04F79EFBC}") = "ShapesApp", "ShapesApp\ShapesApp.csproj", "{708687F7-0748-495D-9940-F59E817222CF}"
EndProject
Project("{FAE04EC0-301F-11D3-BF4B-00C04F79EFBC}") = "CalculatorApp", "CalculatorApp\CalculatorApp.csproj", "{B2E08271-2C54-453E-BCA2-A98A29CD1545}"
EndProject
Project("{FAE04EC0-301F-11D3-BF4B-00C04F79EFBC}") = "RockPaperScissorApp", "RockPaperScissorApp\RockPaperScissorApp.csproj", "{2B17068C-027F-420E-85C8-0E325295C83D}"
EndProject
Global
	GlobalSection(SolutionConfigurationPlatforms) = preSolution
		Debug|Any CPU = Debug|Any CPU
		Release|Any CPU = Release|Any CPU
	EndGlobalSection
	GlobalSection(ProjectConfigurationPlatforms) = postSolution
		{84721BD7-DA0A-4B8E-8AA2-DA0E11878DEB}.Debug|Any CPU.ActiveCfg = Debug|Any CPU
		{84721BD7-DA0A-4B8E-8AA2-DA0E11878DEB}.Debug|Any CPU.Build.0 = Debug|Any CPU
		{84721BD7-DA0A-4B8E-8AA2-DA0E11878DEB}.Release|Any CPU.ActiveCfg = Release|Any CPU
		{84721BD7-DA0A-4B8E-8AA2-DA0E11878DEB}.Release|Any CPU.Build.0 = Release|Any CPU
		{F5ED980D-9FCF-466B-B907-A6D451F6893B}.Debug|Any CPU.ActiveCfg = Debug|Any CPU
		{F5ED980D-9FCF-466B-B907-A6D451F6893B}.Debug|Any CPU.Build.0 = Debug|Any CPU
		{F5ED980D-9FCF-466B-B907-A6D451F6893B}.Release|Any CPU.ActiveCfg = Release|Any CPU
		{F5ED980D-9FCF-466B-B907-A6D451F6893B}.Release|Any CPU.Build.0 = Release|Any CPU
		{458FF9BC-CB0C-48A9-AFBE-EDC4588FB5E7}.Debug|Any CPU.ActiveCfg = Debug|Any CPU
		{458FF9BC-CB0C-48A9-AFBE-EDC4588FB5E7}.Debug|Any CPU.Build.0 = Debug|Any CPU
		{458FF9BC-CB0C-48A9-AFBE-EDC4588FB5E7}.Release|Any CPU.ActiveCfg = Release|Any CPU
		{458FF9BC-CB0C-48A9-AFBE-EDC4588FB5E7}.Release|Any CPU.Build.0 = Release|Any CPU
		{BF0B04F8-616C-4031-B059-FF0E3DF05426}.Debug|Any CPU.ActiveCfg = Debug|Any CPU
		{BF0B04F8-616C-4031-B059-FF0E3DF05426}.Debug|Any CPU.Build.0 = Debug|Any CPU
		{BF0B04F8-616C-4031-B059-FF0E3DF05426}.Release|Any CPU.ActiveCfg = Release|Any CPU
		{BF0B04F8-616C-4031-B059-FF0E3DF05426}.Release|Any CPU.Build.0 = Release|Any CPU
		{708687F7-0748-495D-9940-F59E817222CF}.Debug|Any CPU.ActiveCfg = Debug|Any CPU
		{708687F7-0748-495D-9940-F59E817222CF}.Debug|Any CPU.Build.0 = Debug|Any CPU
		{708687F7-0748-495D-9940-F59E817222CF}.Release|Any CPU.ActiveCfg = Release|Any CPU
		{708687F7-0748-495D-9940-F59E817222CF}.Release|Any CPU.Build.0 = Release|Any CPU
		{B2E08271-2C54-453E-BCA2-A98A29CD1545}.Debug|Any CPU.ActiveCfg = Debug|Any CPU
		{B2E08271-2C54-453E-BCA2-A98A29CD1545}.Debug|Any CPU.Build.0 = Debug|Any CPU
		{B2E08271-2C54-453E-BCA2-A98A29CD1545}.Release|Any CPU.ActiveCfg = Release|Any CPU
		{B2E08271-2C54-453E-BCA2-A98A29CD1545}.Release|Any CPU.Build.0 = Release|Any CPU
		{2B17068C-027F-420E-85C8-0E325295C83D}.Debug|Any CPU.ActiveCfg = Debug|Any CPU
		{2B17068C-027F-420E-85C8-0E325295C83D}.Debug|Any CPU.Build.0 = Debug|Any CPU
		{2B17068C-027F-420E-85C8-0E325295C83D}.Release|Any CPU.ActiveCfg = Release|Any CPU
		{2B17068C-027F-420E-85C8-0E325295C83D}.Release|Any CPU.Build.0 = Release|Any CPU
	EndGlobalSection
	GlobalSection(SolutionProperties) = preSolution
		HideSolutionNode = FALSE
	EndGlobalSection
	GlobalSection(ExtensibilityGlobals) = postSolution
		SolutionGuid = {B442915B-95C1-410C-8BEC-5E76EE0B33FB}
	EndGlobalSection
EndGlobal
